
Microsoft Visual Studio Solution File, Format Version 12.00
Project("{FAE04EC0-301F-11D3-BF4B-00C04F79EFBC}") = "WriterApp", "WriterApp\WriterApp.csproj", "{94AF1984-0F9F-4FDC-8150-32E145814FA7}"
EndProject
Project("{FAE04EC0-301F-11D3-BF4B-00C04F79EFBC}") = "ReaderApp", "ReaderApp\ReaderApp.csproj", "{68F6C224-2288-4CEE-9E0E-46877A1A00DF}"
EndProject
Global
	GlobalSection(SolutionConfigurationPlatforms) = preSolution
		Debug|Any CPU = Debug|Any CPU
		Release|Any CPU = Release|Any CPU
	EndGlobalSection
	GlobalSection(ProjectConfigurationPlatforms) = postSolution
		{94AF1984-0F9F-4FDC-8150-32E145814FA7}.Debug|Any CPU.ActiveCfg = Debug|Any CPU
		{94AF1984-0F9F-4FDC-8150-32E145814FA7}.Debug|Any CPU.Build.0 = Debug|Any CPU
		{94AF1984-0F9F-4FDC-8150-32E145814FA7}.Release|Any CPU.ActiveCfg = Release|Any CPU
		{94AF1984-0F9F-4FDC-8150-32E145814FA7}.Release|Any CPU.Build.0 = Release|Any CPU
		{68F6C224-2288-4CEE-9E0E-46877A1A00DF}.Debug|Any CPU.ActiveCfg = Debug|Any CPU
		{68F6C224-2288-4CEE-9E0E-46877A1A00DF}.Debug|Any CPU.Build.0 = Debug|Any CPU
		{68F6C224-2288-4CEE-9E0E-46877A1A00DF}.Release|Any CPU.ActiveCfg = Release|Any CPU
		{68F6C224-2288-4CEE-9E0E-46877A1A00DF}.Release|Any CPU.Build.0 = Release|Any CPU
	EndGlobalSection
EndGlobal
